
Microsoft Visual Studio Solution File, Format Version 12.00
# Visual Studio 15
VisualStudioVersion = 15.0.28010.2041
MinimumVisualStudioVersion = 10.0.40219.1
Project("{FAE04EC0-301F-11D3-BF4B-00C04F79EFBC}") = "IoTHubDemo", "IoTHubDemo\IoTHubDemo.csproj", "{78CF69AF-A737-43A8-BADD-FCC36DBD06B1}"
EndProject
Project("{FAE04EC0-301F-11D3-BF4B-00C04F79EFBC}") = "send-d2c-messages-device", "send-d2c-messages-device\send-d2c-messages-device.csproj", "{6D579DA1-4B72-4A7E-BAF1-9CE37B56F8AC}"
EndProject
Project("{FAE04EC0-301F-11D3-BF4B-00C04F79EFBC}") = "settings-reader", "settings-reader\settings-reader.csproj", "{1847BAAD-3D08-43BA-863D-9DC931A75CFC}"
EndProject
Project("{FAE04EC0-301F-11D3-BF4B-00C04F79EFBC}") = "read-d2c-messages", "read-d2c-messages\read-d2c-messages.csproj", "{52FF5B79-0CB6-4FDA-9103-1699A654FC88}"
EndProject
Project("{FAE04EC0-301F-11D3-BF4B-00C04F79EFBC}") = "read-c2d-messages-device", "read-c2d-messages-device\read-c2d-messages-device.csproj", "{13C7E7E2-FE90-4CD8-95EB-0F44051438E7}"
EndProject
Project("{FAE04EC0-301F-11D3-BF4B-00C04F79EFBC}") = "send-c2d-messages", "send-c2d-messages\send-c2d-messages.csproj", "{28E99DE4-C999-412D-846E-1312D66B869C}"
EndProject
Global
	GlobalSection(SolutionConfigurationPlatforms) = preSolution
		Debug|Any CPU = Debug|Any CPU
		Release|Any CPU = Release|Any CPU
	EndGlobalSection
	GlobalSection(ProjectConfigurationPlatforms) = postSolution
		{78CF69AF-A737-43A8-BADD-FCC36DBD06B1}.Debug|Any CPU.ActiveCfg = Debug|Any CPU
		{78CF69AF-A737-43A8-BADD-FCC36DBD06B1}.Debug|Any CPU.Build.0 = Debug|Any CPU
		{78CF69AF-A737-43A8-BADD-FCC36DBD06B1}.Release|Any CPU.ActiveCfg = Release|Any CPU
		{78CF69AF-A737-43A8-BADD-FCC36DBD06B1}.Release|Any CPU.Build.0 = Release|Any CPU
		{6D579DA1-4B72-4A7E-BAF1-9CE37B56F8AC}.Debug|Any CPU.ActiveCfg = Debug|Any CPU
		{6D579DA1-4B72-4A7E-BAF1-9CE37B56F8AC}.Debug|Any CPU.Build.0 = Debug|Any CPU
		{6D579DA1-4B72-4A7E-BAF1-9CE37B56F8AC}.Release|Any CPU.ActiveCfg = Release|Any CPU
		{6D579DA1-4B72-4A7E-BAF1-9CE37B56F8AC}.Release|Any CPU.Build.0 = Release|Any CPU
		{1847BAAD-3D08-43BA-863D-9DC931A75CFC}.Debug|Any CPU.ActiveCfg = Debug|Any CPU
		{1847BAAD-3D08-43BA-863D-9DC931A75CFC}.Debug|Any CPU.Build.0 = Debug|Any CPU
		{1847BAAD-3D08-43BA-863D-9DC931A75CFC}.Release|Any CPU.ActiveCfg = Release|Any CPU
		{1847BAAD-3D08-43BA-863D-9DC931A75CFC}.Release|Any CPU.Build.0 = Release|Any CPU
		{52FF5B79-0CB6-4FDA-9103-1699A654FC88}.Debug|Any CPU.ActiveCfg = Debug|Any CPU
		{52FF5B79-0CB6-4FDA-9103-1699A654FC88}.Debug|Any CPU.Build.0 = Debug|Any CPU
		{52FF5B79-0CB6-4FDA-9103-1699A654FC88}.Release|Any CPU.ActiveCfg = Release|Any CPU
		{52FF5B79-0CB6-4FDA-9103-1699A654FC88}.Release|Any CPU.Build.0 = Release|Any CPU
		{13C7E7E2-FE90-4CD8-95EB-0F44051438E7}.Debug|Any CPU.ActiveCfg = Debug|Any CPU
		{13C7E7E2-FE90-4CD8-95EB-0F44051438E7}.Debug|Any CPU.Build.0 = Debug|Any CPU
		{13C7E7E2-FE90-4CD8-95EB-0F44051438E7}.Release|Any CPU.ActiveCfg = Release|Any CPU
		{13C7E7E2-FE90-4CD8-95EB-0F44051438E7}.Release|Any CPU.Build.0 = Release|Any CPU
		{28E99DE4-C999-412D-846E-1312D66B869C}.Debug|Any CPU.ActiveCfg = Debug|Any CPU
		{28E99DE4-C999-412D-846E-1312D66B869C}.Debug|Any CPU.Build.0 = Debug|Any CPU
		{28E99DE4-C999-412D-846E-1312D66B869C}.Release|Any CPU.ActiveCfg = Release|Any CPU
		{28E99DE4-C999-412D-846E-1312D66B869C}.Release|Any CPU.Build.0 = Release|Any CPU
	EndGlobalSection
	GlobalSection(SolutionProperties) = preSolution
		HideSolutionNode = FALSE
	EndGlobalSection
	GlobalSection(ExtensibilityGlobals) = postSolution
		SolutionGuid = {1EF1F5F7-02B2-4E65-A32B-E47CE2800711}
	EndGlobalSection
EndGlobal
